// !$*UTF8*$!
{
	archiveVersion = 1;
	classes = {
	};
	objectVersion = 56;
	objects = {

/* Begin PBXBuildFile section */
		C460F8052955420000EC6FF6 /* AppDelegate.swift in Sources */ = {isa = PBXBuildFile; fileRef = C460F8042955420000EC6FF6 /* AppDelegate.swift */; };
		C460F8072955420000EC6FF6 /* SceneDelegate.swift in Sources */ = {isa = PBXBuildFile; fileRef = C460F8062955420000EC6FF6 /* SceneDelegate.swift */; };
		C460F8092955420000EC6FF6 /* ViewController.swift in Sources */ = {isa = PBXBuildFile; fileRef = C460F8082955420000EC6FF6 /* ViewController.swift */; };
		C460F80C2955420000EC6FF6 /* Main.storyboard in Resources */ = {isa = PBXBuildFile; fileRef = C460F80A2955420000EC6FF6 /* Main.storyboard */; };
		C460F80E2955420200EC6FF6 /* Assets.xcassets in Resources */ = {isa = PBXBuildFile; fileRef = C460F80D2955420200EC6FF6 /* Assets.xcassets */; };
		C460F8112955420200EC6FF6 /* LaunchScreen.storyboard in Resources */ = {isa = PBXBuildFile; fileRef = C460F80F2955420200EC6FF6 /* LaunchScreen.storyboard */; };
		C460F81A2955425100EC6FF6 /* Clibsodium in Frameworks */ = {isa = PBXBuildFile; productRef = C460F8192955425100EC6FF6 /* Clibsodium */; };
		C460F81C2955425100EC6FF6 /* Sodium in Frameworks */ = {isa = PBXBuildFile; productRef = C460F81B2955425100EC6FF6 /* Sodium */; };
		C46266DA295557190085CCD4 /* Two time pad attack.html in Resources */ = {isa = PBXBuildFile; fileRef = C46266D9295557180085CCD4 /* Two time pad attack.html */; };
/* End PBXBuildFile section */

/* Begin PBXFileReference section */
		C460F8012955420000EC6FF6 /* Libsodium Hash Engine.app */ = {isa = PBXFileReference; explicitFileType = wrapper.application; includeInIndex = 0; path = "Libsodium Hash Engine.app"; sourceTree = BUILT_PRODUCTS_DIR; };
		C460F8042955420000EC6FF6 /* AppDelegate.swift */ = {isa = PBXFileReference; lastKnownFileType = sourcecode.swift; path = AppDelegate.swift; sourceTree = "<group>"; };
		C460F8062955420000EC6FF6 /* SceneDelegate.swift */ = {isa = PBXFileReference; lastKnownFileType = sourcecode.swift; path = SceneDelegate.swift; sourceTree = "<group>"; };
		C460F8082955420000EC6FF6 /* ViewController.swift */ = {isa = PBXFileReference; lastKnownFileType = sourcecode.swift; path = ViewController.swift; sourceTree = "<group>"; };
		C460F80B2955420000EC6FF6 /* Base */ = {isa = PBXFileReference; lastKnownFileType = file.storyboard; name = Base; path = Base.lproj/Main.storyboard; sourceTree = "<group>"; };
		C460F80D2955420200EC6FF6 /* Assets.xcassets */ = {isa = PBXFileReference; lastKnownFileType = folder.assetcatalog; path = Assets.xcassets; sourceTree = "<group>"; };
		C460F8102955420200EC6FF6 /* Base */ = {isa = PBXFileReference; lastKnownFileType = file.storyboard; name = Base; path = Base.lproj/LaunchScreen.storyboard; sourceTree = "<group>"; };
		C460F8122955420200EC6FF6 /* Info.plist */ = {isa = PBXFileReference; lastKnownFileType = text.plist.xml; path = Info.plist; sourceTree = "<group>"; };
		C46266D9295557180085CCD4 /* Two time pad attack.html */ = {isa = PBXFileReference; fileEncoding = 4; lastKnownFileType = text.html; path = "Two time pad attack.html"; sourceTree = "<group>"; };
/* End PBXFileReference section */

/* Begin PBXFrameworksBuildPhase section */
		C460F7FE2955420000EC6FF6 /* Frameworks */ = {
			isa = PBXFrameworksBuildPhase;
			buildActionMask = 2147483647;
			files = (
				C460F81A2955425100EC6FF6 /* Clibsodium in Frameworks */,
				C460F81C2955425100EC6FF6 /* Sodium in Frameworks */,
			);
			runOnlyForDeploymentPostprocessing = 0;
		};
/* End PBXFrameworksBuildPhase section */

/* Begin PBXGroup section */
		C460F7F82955420000EC6FF6 = {
			isa = PBXGroup;
			children = (
				C460F8032955420000EC6FF6 /* Libsodium Hash Engine */,
				C460F8022955420000EC6FF6 /* Products */,
			);
			sourceTree = "<group>";
		};
		C460F8022955420000EC6FF6 /* Products */ = {
			isa = PBXGroup;
			children = (
				C460F8012955420000EC6FF6 /* Libsodium Hash Engine.app */,
			);
			name = Products;
			sourceTree = "<group>";
		};
		C460F8032955420000EC6FF6 /* Libsodium Hash Engine */ = {
			isa = PBXGroup;
			children = (
				C46266D9295557180085CCD4 /* Two time pad attack.html */,
				C460F8042955420000EC6FF6 /* AppDelegate.swift */,
				C460F8062955420000EC6FF6 /* SceneDelegate.swift */,
				C460F8082955420000EC6FF6 /* ViewController.swift */,
				C460F80A2955420000EC6FF6 /* Main.storyboard */,
				C460F80D2955420200EC6FF6 /* Assets.xcassets */,
				C460F80F2955420200EC6FF6 /* LaunchScreen.storyboard */,
				C460F8122955420200EC6FF6 /* Info.plist */,
			);
			path = "Libsodium Hash Engine";
			sourceTree = "<group>";
		};
/* End PBXGroup section */

/* Begin PBXNativeTarget section */
		C460F8002955420000EC6FF6 /* Libsodium Hash Engine */ = {
			isa = PBXNativeTarget;
			buildConfigurationList = C460F8152955420200EC6FF6 /* Build configuration list for PBXNativeTarget "Libsodium Hash Engine" */;
			buildPhases = (
				C460F7FD2955420000EC6FF6 /* Sources */,
				C460F7FE2955420000EC6FF6 /* Frameworks */,
				C460F7FF2955420000EC6FF6 /* Resources */,
			);
			buildRules = (
			);
			dependencies = (
			);
			name = "Libsodium Hash Engine";
			packageProductDependencies = (
				C460F8192955425100EC6FF6 /* Clibsodium */,
				C460F81B2955425100EC6FF6 /* Sodium */,
			);
			productName = "Libsodium Hash Engine";
			productReference = C460F8012955420000EC6FF6 /* Libsodium Hash Engine.app */;
			productType = "com.apple.product-type.application";
		};
/* End PBXNativeTarget section */

/* Begin PBXProject section */
		C460F7F92955420000EC6FF6 /* Project object */ = {
			isa = PBXProject;
			attributes = {
				BuildIndependentTargetsInParallel = 1;
				LastSwiftUpdateCheck = 1410;
				LastUpgradeCheck = 1410;
				TargetAttributes = {
					C460F8002955420000EC6FF6 = {
						CreatedOnToolsVersion = 14.1;
					};
				};
			};
			buildConfigurationList = C460F7FC2955420000EC6FF6 /* Build configuration list for PBXProject "Libsodium Hash Engine" */;
			compatibilityVersion = "Xcode 14.0";
			developmentRegion = en;
			hasScannedForEncodings = 0;
			knownRegions = (
				en,
				Base,
			);
			mainGroup = C460F7F82955420000EC6FF6;
			packageReferences = (
				C460F8182955425100EC6FF6 /* XCRemoteSwiftPackageReference "swift-sodium" */,
			);
			productRefGroup = C460F8022955420000EC6FF6 /* Products */;
			projectDirPath = "";
			projectRoot = "";
			targets = (
				C460F8002955420000EC6FF6 /* Libsodium Hash Engine */,
			);
		};
/* End PBXProject section */

/* Begin PBXResourcesBuildPhase section */
		C460F7FF2955420000EC6FF6 /* Resources */ = {
			isa = PBXResourcesBuildPhase;
			buildActionMask = 2147483647;
			files = (
				C460F8112955420200EC6FF6 /* LaunchScreen.storyboard in Resources */,
				C46266DA295557190085CCD4 /* Two time pad attack.html in Resources */,
				C460F80E2955420200EC6FF6 /* Assets.xcassets in Resources */,
				C460F80C2955420000EC6FF6 /* Main.storyboard in Resources */,
			);
			runOnlyForDeploymentPostprocessing = 0;
		};
/* End PBXResourcesBuildPhase section */

/* Begin PBXSourcesBuildPhase section */
		C460F7FD2955420000EC6FF6 /* Sources */ = {
			isa = PBXSourcesBuildPhase;
			buildActionMask = 2147483647;
			files = (
				C460F8092955420000EC6FF6 /* ViewController.swift in Sources */,
				C460F8052955420000EC6FF6 /* AppDelegate.swift in Sources */,
				C460F8072955420000EC6FF6 /* SceneDelegate.swift in Sources */,
			);
			runOnlyForDeploymentPostprocessing = 0;
		};
/* End PBXSourcesBuildPhase section */

/* Begin PBXVariantGroup section */
		C460F80A2955420000EC6FF6 /* Main.storyboard */ = {
			isa = PBXVariantGroup;
			children = (
				C460F80B2955420000EC6FF6 /* Base */,
			);
			name = Main.storyboard;
			sourceTree = "<group>";
		};
		C460F80F2955420200EC6FF6 /* LaunchScreen.storyboard */ = {
			isa = PBXVariantGroup;
			children = (
				C460F8102955420200EC6FF6 /* Base */,
			);
			name = LaunchScreen.storyboard;
			sourceTree = "<group>";
		};
/* End PBXVariantGroup section */

/* Begin XCBuildConfiguration section */
		C460F8132955420200EC6FF6 /* Debug */ = {
			isa = XCBuildConfiguration;
			buildSettings = {
				ALWAYS_SEARCH_USER_PATHS = NO;
				CLANG_ANALYZER_NONNULL = YES;
				CLANG_ANALYZER_NUMBER_OBJECT_CONVERSION = YES_AGGRESSIVE;
				CLANG_CXX_LANGUAGE_STANDARD = "gnu++20";
				CLANG_ENABLE_MODULES = YES;
				CLANG_ENABLE_OBJC_ARC = YES;
				CLANG_ENABLE_OBJC_WEAK = YES;
				CLANG_WARN_BLOCK_CAPTURE_AUTORELEASING = YES;
				CLANG_WARN_BOOL_CONVERSION = YES;
				CLANG_WARN_COMMA = YES;
				CLANG_WARN_CONSTANT_CONVERSION = YES;
				CLANG_WARN_DEPRECATED_OBJC_IMPLEMENTATIONS = YES;
				CLANG_WARN_DIRECT_OBJC_ISA_USAGE = YES_ERROR;
				CLANG_WARN_DOCUMENTATION_COMMENTS = YES;
				CLANG_WARN_EMPTY_BODY = YES;
				CLANG_WARN_ENUM_CONVERSION = YES;
				CLANG_WARN_INFINITE_RECURSION = YES;
				CLANG_WARN_INT_CONVERSION = YES;
				CLANG_WARN_NON_LITERAL_NULL_CONVERSION = YES;
				CLANG_WARN_OBJC_IMPLICIT_RETAIN_SELF = YES;
				CLANG_WARN_OBJC_LITERAL_CONVERSION = YES;
				CLANG_WARN_OBJC_ROOT_CLASS = YES_ERROR;
				CLANG_WARN_QUOTED_INCLUDE_IN_FRAMEWORK_HEADER = YES;
				CLANG_WARN_RANGE_LOOP_ANALYSIS = YES;
				CLANG_WARN_STRICT_PROTOTYPES = YES;
				CLANG_WARN_SUSPICIOUS_MOVE = YES;
				CLANG_WARN_UNGUARDED_AVAILABILITY = YES_AGGRESSIVE;
				CLANG_WARN_UNREACHABLE_CODE = YES;
				CLANG_WARN__DUPLICATE_METHOD_MATCH = YES;
				COPY_PHASE_STRIP = NO;
				DEBUG_INFORMATION_FORMAT = dwarf;
				ENABLE_STRICT_OBJC_MSGSEND = YES;
				ENABLE_TESTABILITY = YES;
				GCC_C_LANGUAGE_STANDARD = gnu11;
				GCC_DYNAMIC_NO_PIC = NO;
				GCC_NO_COMMON_BLOCKS = YES;
				GCC_OPTIMIZATION_LEVEL = 0;
				GCC_PREPROCESSOR_DEFINITIONS = (
					"DEBUG=1",
					"$(inherited)",
				);
				GCC_WARN_64_TO_32_BIT_CONVERSION = YES;
				GCC_WARN_ABOUT_RETURN_TYPE = YES_ERROR;
				GCC_WARN_UNDECLARED_SELECTOR = YES;
				GCC_WARN_UNINITIALIZED_AUTOS = YES_AGGRESSIVE;
				GCC_WARN_UNUSED_FUNCTION = YES;
				GCC_WARN_UNUSED_VARIABLE = YES;
				IPHONEOS_DEPLOYMENT_TARGET = 16.1;
				MTL_ENABLE_DEBUG_INFO = INCLUDE_SOURCE;
				MTL_FAST_MATH = YES;
				ONLY_ACTIVE_ARCH = YES;
				SDKROOT = iphoneos;
				SWIFT_ACTIVE_COMPILATION_CONDITIONS = DEBUG;
				SWIFT_OPTIMIZATION_LEVEL = "-Onone";
			};
			name = Debug;
		};
		C460F8142955420200EC6FF6 /* Release */ = {
			isa = XCBuildConfiguration;
			buildSettings = {
				ALWAYS_SEARCH_USER_PATHS = NO;
				CLANG_ANALYZER_NONNULL = YES;
				CLANG_ANALYZER_NUMBER_OBJECT_CONVERSION = YES_AGGRESSIVE;
				CLANG_CXX_LANGUAGE_STANDARD = "gnu++20";
				CLANG_ENABLE_MODULES = YES;
				CLANG_ENABLE_OBJC_ARC = YES;
				CLANG_ENABLE_OBJC_WEAK = YES;
				CLANG_WARN_BLOCK_CAPTURE_AUTORELEASING = YES;
				CLANG_WARN_BOOL_CONVERSION = YES;
				CLANG_WARN_COMMA = YES;
				CLANG_WARN_CONSTANT_CONVERSION = YES;
				CLANG_WARN_DEPRECATED_OBJC_IMPLEMENTATIONS = YES;
				CLANG_WARN_DIRECT_OBJC_ISA_USAGE = YES_ERROR;
				CLANG_WARN_DOCUMENTATION_COMMENTS = YES;
				CLANG_WARN_EMPTY_BODY = YES;
				CLANG_WARN_ENUM_CONVERSION = YES;
				CLANG_WARN_INFINITE_RECURSION = YES;
				CLANG_WARN_INT_CONVERSION = YES;
				CLANG_WARN_NON_LITERAL_NULL_CONVERSION = YES;
				CLANG_WARN_OBJC_IMPLICIT_RETAIN_SELF = YES;
				CLANG_WARN_OBJC_LITERAL_CONVERSION = YES;
				CLANG_WARN_OBJC_ROOT_CLASS = YES_ERROR;
				CLANG_WARN_QUOTED_INCLUDE_IN_FRAMEWORK_HEADER = YES;
				CLANG_WARN_RANGE_LOOP_ANALYSIS = YES;
				CLANG_WARN_STRICT_PROTOTYPES = YES;
				CLANG_WARN_SUSPICIOUS_MOVE = YES;
				CLANG_WARN_UNGUARDED_AVAILABILITY = YES_AGGRESSIVE;
				CLANG_WARN_UNREACHABLE_CODE = YES;
				CLANG_WARN__DUPLICATE_METHOD_MATCH = YES;
				COPY_PHASE_STRIP = NO;
				DEBUG_INFORMATION_FORMAT = "dwarf-with-dsym";
				ENABLE_NS_ASSERTIONS = NO;
				ENABLE_STRICT_OBJC_MSGSEND = YES;
				GCC_C_LANGUAGE_STANDARD = gnu11;
				GCC_NO_COMMON_BLOCKS = YES;
				GCC_WARN_64_TO_32_BIT_CONVERSION = YES;
				GCC_WARN_ABOUT_RETURN_TYPE = YES_ERROR;
				GCC_WARN_UNDECLARED_SELECTOR = YES;
				GCC_WARN_UNINITIALIZED_AUTOS = YES_AGGRESSIVE;
				GCC_WARN_UNUSED_FUNCTION = YES;
				GCC_WARN_UNUSED_VARIABLE = YES;
				IPHONEOS_DEPLOYMENT_TARGET = 16.1;
				MTL_ENABLE_DEBUG_INFO = NO;
				MTL_FAST_MATH = YES;
				SDKROOT = iphoneos;
				SWIFT_COMPILATION_MODE = wholemodule;
				SWIFT_OPTIMIZATION_LEVEL = "-O";
				VALIDATE_PRODUCT = YES;
			};
			name = Release;
		};
		C460F8162955420200EC6FF6 /* Debug */ = {
			isa = XCBuildConfiguration;
			buildSettings = {
				ASSETCATALOG_COMPILER_APPICON_NAME = AppIcon;
				ASSETCATALOG_COMPILER_GLOBAL_ACCENT_COLOR_NAME = AccentColor;
				CODE_SIGN_STYLE = Automatic;
				CURRENT_PROJECT_VERSION = 1;
				DEVELOPMENT_TEAM = 63D4662568;
				GENERATE_INFOPLIST_FILE = YES;
				INFOPLIST_FILE = "Libsodium Hash Engine/Info.plist";
				INFOPLIST_KEY_UIApplicationSupportsIndirectInputEvents = YES;
				INFOPLIST_KEY_UILaunchStoryboardName = LaunchScreen;
				INFOPLIST_KEY_UIMainStoryboardFile = Main;
				INFOPLIST_KEY_UISupportedInterfaceOrientations_iPad = "UIInterfaceOrientationPortrait UIInterfaceOrientationPortraitUpsideDown UIInterfaceOrientationLandscapeLeft UIInterfaceOrientationLandscapeRight";
				INFOPLIST_KEY_UISupportedInterfaceOrientations_iPhone = "UIInterfaceOrientationPortrait UIInterfaceOrientationLandscapeLeft UIInterfaceOrientationLandscapeRight";
				LD_RUNPATH_SEARCH_PATHS = (
					"$(inherited)",
					"@executable_path/Frameworks",
				);
				MARKETING_VERSION = 1.0;
				PRODUCT_BUNDLE_IDENTIFIER = "datvu.Libsodium-Hash-Engine";
				PRODUCT_NAME = "$(TARGET_NAME)";
				SWIFT_EMIT_LOC_STRINGS = YES;
				SWIFT_VERSION = 5.0;
				TARGETED_DEVICE_FAMILY = "1,2";
			};
			name = Debug;
		};
		C460F8172955420200EC6FF6 /* Release */ = {
			isa = XCBuildConfiguration;
			buildSettings = {
				ASSETCATALOG_COMPILER_APPICON_NAME = AppIcon;
				ASSETCATALOG_COMPILER_GLOBAL_ACCENT_COLOR_NAME = AccentColor;
				CODE_SIGN_STYLE = Automatic;
				CURRENT_PROJECT_VERSION = 1;
				DEVELOPMENT_TEAM = 63D4662568;
				GENERATE_INFOPLIST_FILE = YES;
				INFOPLIST_FILE = "Libsodium Hash Engine/Info.plist";
				INFOPLIST_KEY_UIApplicationSupportsIndirectInputEvents = YES;
				INFOPLIST_KEY_UILaunchStoryboardName = LaunchScreen;
				INFOPLIST_KEY_UIMainStoryboardFile = Main;
				INFOPLIST_KEY_UISupportedInterfaceOrientations_iPad = "UIInterfaceOrientationPortrait UIInterfaceOrientationPortraitUpsideDown UIInterfaceOrientationLandscapeLeft UIInterfaceOrientationLandscapeRight";
				INFOPLIST_KEY_UISupportedInterfaceOrientations_iPhone = "UIInterfaceOrientationPortrait UIInterfaceOrientationLandscapeLeft UIInterfaceOrientationLandscapeRight";
				LD_RUNPATH_SEARCH_PATHS = (
					"$(inherited)",
					"@executable_path/Frameworks",
				);
				MARKETING_VERSION = 1.0;
				PRODUCT_BUNDLE_IDENTIFIER = "datvu.Libsodium-Hash-Engine";
				PRODUCT_NAME = "$(TARGET_NAME)";
				SWIFT_EMIT_LOC_STRINGS = YES;
				SWIFT_VERSION = 5.0;
				TARGETED_DEVICE_FAMILY = "1,2";
			};
			name = Release;
		};
/* End XCBuildConfiguration section */

/* Begin XCConfigurationList section */
		C460F7FC2955420000EC6FF6 /* Build configuration list for PBXProject "Libsodium Hash Engine" */ = {
			isa = XCConfigurationList;
			buildConfigurations = (
				C460F8132955420200EC6FF6 /* Debug */,
				C460F8142955420200EC6FF6 /* Release */,
			);
			defaultConfigurationIsVisible = 0;
			defaultConfigurationName = Release;
		};
		C460F8152955420200EC6FF6 /* Build configuration list for PBXNativeTarget "Libsodium Hash Engine" */ = {
			isa = XCConfigurationList;
			buildConfigurations = (
				C460F8162955420200EC6FF6 /* Debug */,
				C460F8172955420200EC6FF6 /* Release */,
			);
			defaultConfigurationIsVisible = 0;
			defaultConfigurationName = Release;
		};
/* End XCConfigurationList section */

/* Begin XCRemoteSwiftPackageReference section */
		C460F8182955425100EC6FF6 /* XCRemoteSwiftPackageReference "swift-sodium" */ = {
			isa = XCRemoteSwiftPackageReference;
			repositoryURL = "https://github.com/jedisct1/swift-sodium.git";
			requirement = {
				kind = upToNextMajorVersion;
				minimumVersion = 0.9.1;
			};
		};
/* End XCRemoteSwiftPackageReference section */

/* Begin XCSwiftPackageProductDependency section */
		C460F8192955425100EC6FF6 /* Clibsodium */ = {
			isa = XCSwiftPackageProductDependency;
			package = C460F8182955425100EC6FF6 /* XCRemoteSwiftPackageReference "swift-sodium" */;
			productName = Clibsodium;
		};
		C460F81B2955425100EC6FF6 /* Sodium */ = {
			isa = XCSwiftPackageProductDependency;
			package = C460F8182955425100EC6FF6 /* XCRemoteSwiftPackageReference "swift-sodium" */;
			productName = Sodium;
		};
/* End XCSwiftPackageProductDependency section */
	};
	rootObject = C460F7F92955420000EC6FF6 /* Project object */;
}
